// !$*UTF8*$!
{
	archiveVersion = 1;
	classes = {
	};
	objectVersion = 56;
	objects = {

/* Begin PBXBuildFile section */
		D28147A72AA51608002C5EB7 /* AppDelegate.swift in Sources */ = {isa = PBXBuildFile; fileRef = D28147A62AA51608002C5EB7 /* AppDelegate.swift */; };
		D28147A92AA51608002C5EB7 /* SceneDelegate.swift in Sources */ = {isa = PBXBuildFile; fileRef = D28147A82AA51608002C5EB7 /* SceneDelegate.swift */; };
		D28147AE2AA51608002C5EB7 /* Main.storyboard in Resources */ = {isa = PBXBuildFile; fileRef = D28147AC2AA51608002C5EB7 /* Main.storyboard */; };
		D28147B12AA51608002C5EB7 /* Mvvm.xcdatamodeld in Sources */ = {isa = PBXBuildFile; fileRef = D28147AF2AA51608002C5EB7 /* Mvvm.xcdatamodeld */; };
		D28147B32AA51609002C5EB7 /* Assets.xcassets in Resources */ = {isa = PBXBuildFile; fileRef = D28147B22AA51609002C5EB7 /* Assets.xcassets */; };
		D28147B62AA51609002C5EB7 /* LaunchScreen.storyboard in Resources */ = {isa = PBXBuildFile; fileRef = D28147B42AA51609002C5EB7 /* LaunchScreen.storyboard */; };
		D28147CA2AA518BE002C5EB7 /* ProductModel.swift in Sources */ = {isa = PBXBuildFile; fileRef = D28147C92AA518BE002C5EB7 /* ProductModel.swift */; };
		D28147CC2AA5198C002C5EB7 /* ApiManager.swift in Sources */ = {isa = PBXBuildFile; fileRef = D28147CB2AA5198C002C5EB7 /* ApiManager.swift */; };
		D28147CE2AA51CEE002C5EB7 /* Constant.swift in Sources */ = {isa = PBXBuildFile; fileRef = D28147CD2AA51CEE002C5EB7 /* Constant.swift */; };
		D28147D02AA522EA002C5EB7 /* ProductListViewController.swift in Sources */ = {isa = PBXBuildFile; fileRef = D28147CF2AA522EA002C5EB7 /* ProductListViewController.swift */; };
		D28147D22AA525B1002C5EB7 /* ProductViewModel.swift in Sources */ = {isa = PBXBuildFile; fileRef = D28147D12AA525B1002C5EB7 /* ProductViewModel.swift */; };
		D28147D52AA53596002C5EB7 /* ProductCell.swift in Sources */ = {isa = PBXBuildFile; fileRef = D28147D32AA53596002C5EB7 /* ProductCell.swift */; };
		D28147D62AA53596002C5EB7 /* ProductCell.xib in Resources */ = {isa = PBXBuildFile; fileRef = D28147D42AA53596002C5EB7 /* ProductCell.xib */; };
		D28147D92AA5419A002C5EB7 /* Kingfisher in Frameworks */ = {isa = PBXBuildFile; productRef = D28147D82AA5419A002C5EB7 /* Kingfisher */; };
		D28147DB2AA541CC002C5EB7 /* UiImageView + Extensions.swift in Sources */ = {isa = PBXBuildFile; fileRef = D28147DA2AA541CC002C5EB7 /* UiImageView + Extensions.swift */; };
/* End PBXBuildFile section */

/* Begin PBXFileReference section */
		D28147A32AA51608002C5EB7 /* Mvvm.app */ = {isa = PBXFileReference; explicitFileType = wrapper.application; includeInIndex = 0; path = Mvvm.app; sourceTree = BUILT_PRODUCTS_DIR; };
		D28147A62AA51608002C5EB7 /* AppDelegate.swift */ = {isa = PBXFileReference; lastKnownFileType = sourcecode.swift; path = AppDelegate.swift; sourceTree = "<group>"; };
		D28147A82AA51608002C5EB7 /* SceneDelegate.swift */ = {isa = PBXFileReference; lastKnownFileType = sourcecode.swift; path = SceneDelegate.swift; sourceTree = "<group>"; };
		D28147AD2AA51608002C5EB7 /* Base */ = {isa = PBXFileReference; lastKnownFileType = file.storyboard; name = Base; path = Base.lproj/Main.storyboard; sourceTree = "<group>"; };
		D28147B02AA51608002C5EB7 /* Mvvm.xcdatamodel */ = {isa = PBXFileReference; lastKnownFileType = wrapper.xcdatamodel; path = Mvvm.xcdatamodel; sourceTree = "<group>"; };
		D28147B22AA51609002C5EB7 /* Assets.xcassets */ = {isa = PBXFileReference; lastKnownFileType = folder.assetcatalog; path = Assets.xcassets; sourceTree = "<group>"; };
		D28147B52AA51609002C5EB7 /* Base */ = {isa = PBXFileReference; lastKnownFileType = file.storyboard; name = Base; path = Base.lproj/LaunchScreen.storyboard; sourceTree = "<group>"; };
		D28147B72AA51609002C5EB7 /* Info.plist */ = {isa = PBXFileReference; lastKnownFileType = text.plist.xml; path = Info.plist; sourceTree = "<group>"; };
		D28147C92AA518BE002C5EB7 /* ProductModel.swift */ = {isa = PBXFileReference; lastKnownFileType = sourcecode.swift; path = ProductModel.swift; sourceTree = "<group>"; };
		D28147CB2AA5198C002C5EB7 /* ApiManager.swift */ = {isa = PBXFileReference; lastKnownFileType = sourcecode.swift; path = ApiManager.swift; sourceTree = "<group>"; };
		D28147CD2AA51CEE002C5EB7 /* Constant.swift */ = {isa = PBXFileReference; lastKnownFileType = sourcecode.swift; path = Constant.swift; sourceTree = "<group>"; };
		D28147CF2AA522EA002C5EB7 /* ProductListViewController.swift */ = {isa = PBXFileReference; lastKnownFileType = sourcecode.swift; path = ProductListViewController.swift; sourceTree = "<group>"; };
		D28147D12AA525B1002C5EB7 /* ProductViewModel.swift */ = {isa = PBXFileReference; lastKnownFileType = sourcecode.swift; path = ProductViewModel.swift; sourceTree = "<group>"; };
		D28147D32AA53596002C5EB7 /* ProductCell.swift */ = {isa = PBXFileReference; lastKnownFileType = sourcecode.swift; path = ProductCell.swift; sourceTree = "<group>"; };
		D28147D42AA53596002C5EB7 /* ProductCell.xib */ = {isa = PBXFileReference; lastKnownFileType = file.xib; path = ProductCell.xib; sourceTree = "<group>"; };
		D28147DA2AA541CC002C5EB7 /* UiImageView + Extensions.swift */ = {isa = PBXFileReference; lastKnownFileType = sourcecode.swift; path = "UiImageView + Extensions.swift"; sourceTree = "<group>"; };
/* End PBXFileReference section */

/* Begin PBXFrameworksBuildPhase section */
		D28147A02AA51608002C5EB7 /* Frameworks */ = {
			isa = PBXFrameworksBuildPhase;
			buildActionMask = 2147483647;
			files = (
				D28147D92AA5419A002C5EB7 /* Kingfisher in Frameworks */,
			);
			runOnlyForDeploymentPostprocessing = 0;
		};
/* End PBXFrameworksBuildPhase section */

/* Begin PBXGroup section */
		D281479A2AA51608002C5EB7 = {
			isa = PBXGroup;
			children = (
				D28147A52AA51608002C5EB7 /* Mvvm */,
				D28147A42AA51608002C5EB7 /* Products */,
			);
			sourceTree = "<group>";
		};
		D28147A42AA51608002C5EB7 /* Products */ = {
			isa = PBXGroup;
			children = (
				D28147A32AA51608002C5EB7 /* Mvvm.app */,
			);
			name = Products;
			sourceTree = "<group>";
		};
		D28147A52AA51608002C5EB7 /* Mvvm */ = {
			isa = PBXGroup;
			children = (
				D28147BD2AA51627002C5EB7 /* Application */,
				D28147BF2AA51683002C5EB7 /* Constants */,
				D28147C02AA516AD002C5EB7 /* Extension */,
				D28147C12AA516C2002C5EB7 /* Helper */,
				D28147C22AA5171F002C5EB7 /* Screens */,
				D28147C32AA5172D002C5EB7 /* Storyboard */,
				D28147C42AA5178C002C5EB7 /* Resources */,
				D28147B72AA51609002C5EB7 /* Info.plist */,
				D28147AF2AA51608002C5EB7 /* Mvvm.xcdatamodeld */,
			);
			path = Mvvm;
			sourceTree = "<group>";
		};
		D28147BD2AA51627002C5EB7 /* Application */ = {
			isa = PBXGroup;
			children = (
				D28147A62AA51608002C5EB7 /* AppDelegate.swift */,
				D28147A82AA51608002C5EB7 /* SceneDelegate.swift */,
			);
			path = Application;
			sourceTree = "<group>";
		};
		D28147BF2AA51683002C5EB7 /* Constants */ = {
			isa = PBXGroup;
			children = (
				D28147CD2AA51CEE002C5EB7 /* Constant.swift */,
			);
			path = Constants;
			sourceTree = "<group>";
		};
		D28147C02AA516AD002C5EB7 /* Extension */ = {
			isa = PBXGroup;
			children = (
				D28147DA2AA541CC002C5EB7 /* UiImageView + Extensions.swift */,
			);
			path = Extension;
			sourceTree = "<group>";
		};
		D28147C12AA516C2002C5EB7 /* Helper */ = {
			isa = PBXGroup;
			children = (
				D28147CB2AA5198C002C5EB7 /* ApiManager.swift */,
			);
			path = Helper;
			sourceTree = "<group>";
		};
		D28147C22AA5171F002C5EB7 /* Screens */ = {
			isa = PBXGroup;
			children = (
				D28147C52AA5180F002C5EB7 /* Product */,
			);
			path = Screens;
			sourceTree = "<group>";
		};
		D28147C32AA5172D002C5EB7 /* Storyboard */ = {
			isa = PBXGroup;
			children = (
				D28147AC2AA51608002C5EB7 /* Main.storyboard */,
				D28147B42AA51609002C5EB7 /* LaunchScreen.storyboard */,
			);
			path = Storyboard;
			sourceTree = "<group>";
		};
		D28147C42AA5178C002C5EB7 /* Resources */ = {
			isa = PBXGroup;
			children = (
				D28147B22AA51609002C5EB7 /* Assets.xcassets */,
			);
			path = Resources;
			sourceTree = "<group>";
		};
		D28147C52AA5180F002C5EB7 /* Product */ = {
			isa = PBXGroup;
			children = (
				D28147C62AA51823002C5EB7 /* Model */,
				D28147C72AA5182C002C5EB7 /* View */,
				D28147C82AA51834002C5EB7 /* ViewModel */,
			);
			path = Product;
			sourceTree = "<group>";
		};
		D28147C62AA51823002C5EB7 /* Model */ = {
			isa = PBXGroup;
			children = (
				D28147C92AA518BE002C5EB7 /* ProductModel.swift */,
			);
			path = Model;
			sourceTree = "<group>";
		};
		D28147C72AA5182C002C5EB7 /* View */ = {
			isa = PBXGroup;
			children = (
				D28147CF2AA522EA002C5EB7 /* ProductListViewController.swift */,
				D28147D32AA53596002C5EB7 /* ProductCell.swift */,
				D28147D42AA53596002C5EB7 /* ProductCell.xib */,
			);
			path = View;
			sourceTree = "<group>";
		};
		D28147C82AA51834002C5EB7 /* ViewModel */ = {
			isa = PBXGroup;
			children = (
				D28147D12AA525B1002C5EB7 /* ProductViewModel.swift */,
			);
			path = ViewModel;
			sourceTree = "<group>";
		};
/* End PBXGroup section */

/* Begin PBXNativeTarget section */
		D28147A22AA51608002C5EB7 /* Mvvm */ = {
			isa = PBXNativeTarget;
			buildConfigurationList = D28147BA2AA51609002C5EB7 /* Build configuration list for PBXNativeTarget "Mvvm" */;
			buildPhases = (
				D281479F2AA51608002C5EB7 /* Sources */,
				D28147A02AA51608002C5EB7 /* Frameworks */,
				D28147A12AA51608002C5EB7 /* Resources */,
			);
			buildRules = (
			);
			dependencies = (
			);
			name = Mvvm;
			packageProductDependencies = (
				D28147D82AA5419A002C5EB7 /* Kingfisher */,
			);
			productName = Mvvm;
			productReference = D28147A32AA51608002C5EB7 /* Mvvm.app */;
			productType = "com.apple.product-type.application";
		};
/* End PBXNativeTarget section */

/* Begin PBXProject section */
		D281479B2AA51608002C5EB7 /* Project object */ = {
			isa = PBXProject;
			attributes = {
				BuildIndependentTargetsInParallel = 1;
				LastSwiftUpdateCheck = 1430;
				LastUpgradeCheck = 1430;
				TargetAttributes = {
					D28147A22AA51608002C5EB7 = {
						CreatedOnToolsVersion = 14.3.1;
					};
				};
			};
			buildConfigurationList = D281479E2AA51608002C5EB7 /* Build configuration list for PBXProject "Mvvm" */;
			compatibilityVersion = "Xcode 14.0";
			developmentRegion = en;
			hasScannedForEncodings = 0;
			knownRegions = (
				en,
				Base,
			);
			mainGroup = D281479A2AA51608002C5EB7;
			packageReferences = (
				D28147D72AA5419A002C5EB7 /* XCRemoteSwiftPackageReference "Kingfisher" */,
			);
			productRefGroup = D28147A42AA51608002C5EB7 /* Products */;
			projectDirPath = "";
			projectRoot = "";
			targets = (
				D28147A22AA51608002C5EB7 /* Mvvm */,
			);
		};
/* End PBXProject section */

/* Begin PBXResourcesBuildPhase section */
		D28147A12AA51608002C5EB7 /* Resources */ = {
			isa = PBXResourcesBuildPhase;
			buildActionMask = 2147483647;
			files = (
				D28147B62AA51609002C5EB7 /* LaunchScreen.storyboard in Resources */,
				D28147D62AA53596002C5EB7 /* ProductCell.xib in Resources */,
				D28147B32AA51609002C5EB7 /* Assets.xcassets in Resources */,
				D28147AE2AA51608002C5EB7 /* Main.storyboard in Resources */,
			);
			runOnlyForDeploymentPostprocessing = 0;
		};
/* End PBXResourcesBuildPhase section */

/* Begin PBXSourcesBuildPhase section */
		D281479F2AA51608002C5EB7 /* Sources */ = {
			isa = PBXSourcesBuildPhase;
			buildActionMask = 2147483647;
			files = (
				D28147A72AA51608002C5EB7 /* AppDelegate.swift in Sources */,
				D28147A92AA51608002C5EB7 /* SceneDelegate.swift in Sources */,
				D28147D02AA522EA002C5EB7 /* ProductListViewController.swift in Sources */,
				D28147CC2AA5198C002C5EB7 /* ApiManager.swift in Sources */,
				D28147B12AA51608002C5EB7 /* Mvvm.xcdatamodeld in Sources */,
				D28147CA2AA518BE002C5EB7 /* ProductModel.swift in Sources */,
				D28147DB2AA541CC002C5EB7 /* UiImageView + Extensions.swift in Sources */,
				D28147D52AA53596002C5EB7 /* ProductCell.swift in Sources */,
				D28147D22AA525B1002C5EB7 /* ProductViewModel.swift in Sources */,
				D28147CE2AA51CEE002C5EB7 /* Constant.swift in Sources */,
			);
			runOnlyForDeploymentPostprocessing = 0;
		};
/* End PBXSourcesBuildPhase section */

/* Begin PBXVariantGroup section */
		D28147AC2AA51608002C5EB7 /* Main.storyboard */ = {
			isa = PBXVariantGroup;
			children = (
				D28147AD2AA51608002C5EB7 /* Base */,
			);
			name = Main.storyboard;
			sourceTree = "<group>";
		};
		D28147B42AA51609002C5EB7 /* LaunchScreen.storyboard */ = {
			isa = PBXVariantGroup;
			children = (
				D28147B52AA51609002C5EB7 /* Base */,
			);
			name = LaunchScreen.storyboard;
			sourceTree = "<group>";
		};
/* End PBXVariantGroup section */

/* Begin XCBuildConfiguration section */
		D28147B82AA51609002C5EB7 /* Debug */ = {
			isa = XCBuildConfiguration;
			buildSettings = {
				ALWAYS_SEARCH_USER_PATHS = NO;
				CLANG_ANALYZER_NONNULL = YES;
				CLANG_ANALYZER_NUMBER_OBJECT_CONVERSION = YES_AGGRESSIVE;
				CLANG_CXX_LANGUAGE_STANDARD = "gnu++20";
				CLANG_ENABLE_MODULES = YES;
				CLANG_ENABLE_OBJC_ARC = YES;
				CLANG_ENABLE_OBJC_WEAK = YES;
				CLANG_WARN_BLOCK_CAPTURE_AUTORELEASING = YES;
				CLANG_WARN_BOOL_CONVERSION = YES;
				CLANG_WARN_COMMA = YES;
				CLANG_WARN_CONSTANT_CONVERSION = YES;
				CLANG_WARN_DEPRECATED_OBJC_IMPLEMENTATIONS = YES;
				CLANG_WARN_DIRECT_OBJC_ISA_USAGE = YES_ERROR;
				CLANG_WARN_DOCUMENTATION_COMMENTS = YES;
				CLANG_WARN_EMPTY_BODY = YES;
				CLANG_WARN_ENUM_CONVERSION = YES;
				CLANG_WARN_INFINITE_RECURSION = YES;
				CLANG_WARN_INT_CONVERSION = YES;
				CLANG_WARN_NON_LITERAL_NULL_CONVERSION = YES;
				CLANG_WARN_OBJC_IMPLICIT_RETAIN_SELF = YES;
				CLANG_WARN_OBJC_LITERAL_CONVERSION = YES;
				CLANG_WARN_OBJC_ROOT_CLASS = YES_ERROR;
				CLANG_WARN_QUOTED_INCLUDE_IN_FRAMEWORK_HEADER = YES;
				CLANG_WARN_RANGE_LOOP_ANALYSIS = YES;
				CLANG_WARN_STRICT_PROTOTYPES = YES;
				CLANG_WARN_SUSPICIOUS_MOVE = YES;
				CLANG_WARN_UNGUARDED_AVAILABILITY = YES_AGGRESSIVE;
				CLANG_WARN_UNREACHABLE_CODE = YES;
				CLANG_WARN__DUPLICATE_METHOD_MATCH = YES;
				COPY_PHASE_STRIP = NO;
				DEBUG_INFORMATION_FORMAT = dwarf;
				ENABLE_STRICT_OBJC_MSGSEND = YES;
				ENABLE_TESTABILITY = YES;
				GCC_C_LANGUAGE_STANDARD = gnu11;
				GCC_DYNAMIC_NO_PIC = NO;
				GCC_NO_COMMON_BLOCKS = YES;
				GCC_OPTIMIZATION_LEVEL = 0;
				GCC_PREPROCESSOR_DEFINITIONS = (
					"DEBUG=1",
					"$(inherited)",
				);
				GCC_WARN_64_TO_32_BIT_CONVERSION = YES;
				GCC_WARN_ABOUT_RETURN_TYPE = YES_ERROR;
				GCC_WARN_UNDECLARED_SELECTOR = YES;
				GCC_WARN_UNINITIALIZED_AUTOS = YES_AGGRESSIVE;
				GCC_WARN_UNUSED_FUNCTION = YES;
				GCC_WARN_UNUSED_VARIABLE = YES;
				IPHONEOS_DEPLOYMENT_TARGET = 16.4;
				MTL_ENABLE_DEBUG_INFO = INCLUDE_SOURCE;
				MTL_FAST_MATH = YES;
				ONLY_ACTIVE_ARCH = YES;
				SDKROOT = iphoneos;
				SWIFT_ACTIVE_COMPILATION_CONDITIONS = DEBUG;
				SWIFT_OPTIMIZATION_LEVEL = "-Onone";
			};
			name = Debug;
		};
		D28147B92AA51609002C5EB7 /* Release */ = {
			isa = XCBuildConfiguration;
			buildSettings = {
				ALWAYS_SEARCH_USER_PATHS = NO;
				CLANG_ANALYZER_NONNULL = YES;
				CLANG_ANALYZER_NUMBER_OBJECT_CONVERSION = YES_AGGRESSIVE;
				CLANG_CXX_LANGUAGE_STANDARD = "gnu++20";
				CLANG_ENABLE_MODULES = YES;
				CLANG_ENABLE_OBJC_ARC = YES;
				CLANG_ENABLE_OBJC_WEAK = YES;
				CLANG_WARN_BLOCK_CAPTURE_AUTORELEASING = YES;
				CLANG_WARN_BOOL_CONVERSION = YES;
				CLANG_WARN_COMMA = YES;
				CLANG_WARN_CONSTANT_CONVERSION = YES;
				CLANG_WARN_DEPRECATED_OBJC_IMPLEMENTATIONS = YES;
				CLANG_WARN_DIRECT_OBJC_ISA_USAGE = YES_ERROR;
				CLANG_WARN_DOCUMENTATION_COMMENTS = YES;
				CLANG_WARN_EMPTY_BODY = YES;
				CLANG_WARN_ENUM_CONVERSION = YES;
				CLANG_WARN_INFINITE_RECURSION = YES;
				CLANG_WARN_INT_CONVERSION = YES;
				CLANG_WARN_NON_LITERAL_NULL_CONVERSION = YES;
				CLANG_WARN_OBJC_IMPLICIT_RETAIN_SELF = YES;
				CLANG_WARN_OBJC_LITERAL_CONVERSION = YES;
				CLANG_WARN_OBJC_ROOT_CLASS = YES_ERROR;
				CLANG_WARN_QUOTED_INCLUDE_IN_FRAMEWORK_HEADER = YES;
				CLANG_WARN_RANGE_LOOP_ANALYSIS = YES;
				CLANG_WARN_STRICT_PROTOTYPES = YES;
				CLANG_WARN_SUSPICIOUS_MOVE = YES;
				CLANG_WARN_UNGUARDED_AVAILABILITY = YES_AGGRESSIVE;
				CLANG_WARN_UNREACHABLE_CODE = YES;
				CLANG_WARN__DUPLICATE_METHOD_MATCH = YES;
				COPY_PHASE_STRIP = NO;
				DEBUG_INFORMATION_FORMAT = "dwarf-with-dsym";
				ENABLE_NS_ASSERTIONS = NO;
				ENABLE_STRICT_OBJC_MSGSEND = YES;
				GCC_C_LANGUAGE_STANDARD = gnu11;
				GCC_NO_COMMON_BLOCKS = YES;
				GCC_WARN_64_TO_32_BIT_CONVERSION = YES;
				GCC_WARN_ABOUT_RETURN_TYPE = YES_ERROR;
				GCC_WARN_UNDECLARED_SELECTOR = YES;
				GCC_WARN_UNINITIALIZED_AUTOS = YES_AGGRESSIVE;
				GCC_WARN_UNUSED_FUNCTION = YES;
				GCC_WARN_UNUSED_VARIABLE = YES;
				IPHONEOS_DEPLOYMENT_TARGET = 16.4;
				MTL_ENABLE_DEBUG_INFO = NO;
				MTL_FAST_MATH = YES;
				SDKROOT = iphoneos;
				SWIFT_COMPILATION_MODE = wholemodule;
				SWIFT_OPTIMIZATION_LEVEL = "-O";
				VALIDATE_PRODUCT = YES;
			};
			name = Release;
		};
		D28147BB2AA51609002C5EB7 /* Debug */ = {
			isa = XCBuildConfiguration;
			buildSettings = {
				ASSETCATALOG_COMPILER_APPICON_NAME = AppIcon;
				ASSETCATALOG_COMPILER_GLOBAL_ACCENT_COLOR_NAME = AccentColor;
				CODE_SIGN_STYLE = Automatic;
				CURRENT_PROJECT_VERSION = 1;
				GENERATE_INFOPLIST_FILE = YES;
				INFOPLIST_FILE = Mvvm/Info.plist;
				INFOPLIST_KEY_UIApplicationSupportsIndirectInputEvents = YES;
				INFOPLIST_KEY_UILaunchStoryboardName = LaunchScreen;
				INFOPLIST_KEY_UIMainStoryboardFile = Main;
				INFOPLIST_KEY_UISupportedInterfaceOrientations_iPad = "UIInterfaceOrientationPortrait UIInterfaceOrientationPortraitUpsideDown UIInterfaceOrientationLandscapeLeft UIInterfaceOrientationLandscapeRight";
				INFOPLIST_KEY_UISupportedInterfaceOrientations_iPhone = "UIInterfaceOrientationPortrait UIInterfaceOrientationLandscapeLeft UIInterfaceOrientationLandscapeRight";
				LD_RUNPATH_SEARCH_PATHS = (
					"$(inherited)",
					"@executable_path/Frameworks",
				);
				MARKETING_VERSION = 1.0;
				PRODUCT_BUNDLE_IDENTIFIER = me.singh.adarsh.Mvvm;
				PRODUCT_NAME = "$(TARGET_NAME)";
				SWIFT_EMIT_LOC_STRINGS = YES;
				SWIFT_VERSION = 5.0;
				TARGETED_DEVICE_FAMILY = "1,2";
			};
			name = Debug;
		};
		D28147BC2AA51609002C5EB7 /* Release */ = {
			isa = XCBuildConfiguration;
			buildSettings = {
				ASSETCATALOG_COMPILER_APPICON_NAME = AppIcon;
				ASSETCATALOG_COMPILER_GLOBAL_ACCENT_COLOR_NAME = AccentColor;
				CODE_SIGN_STYLE = Automatic;
				CURRENT_PROJECT_VERSION = 1;
				GENERATE_INFOPLIST_FILE = YES;
				INFOPLIST_FILE = Mvvm/Info.plist;
				INFOPLIST_KEY_UIApplicationSupportsIndirectInputEvents = YES;
				INFOPLIST_KEY_UILaunchStoryboardName = LaunchScreen;
				INFOPLIST_KEY_UIMainStoryboardFile = Main;
				INFOPLIST_KEY_UISupportedInterfaceOrientations_iPad = "UIInterfaceOrientationPortrait UIInterfaceOrientationPortraitUpsideDown UIInterfaceOrientationLandscapeLeft UIInterfaceOrientationLandscapeRight";
				INFOPLIST_KEY_UISupportedInterfaceOrientations_iPhone = "UIInterfaceOrientationPortrait UIInterfaceOrientationLandscapeLeft UIInterfaceOrientationLandscapeRight";
				LD_RUNPATH_SEARCH_PATHS = (
					"$(inherited)",
					"@executable_path/Frameworks",
				);
				MARKETING_VERSION = 1.0;
				PRODUCT_BUNDLE_IDENTIFIER = me.singh.adarsh.Mvvm;
				PRODUCT_NAME = "$(TARGET_NAME)";
				SWIFT_EMIT_LOC_STRINGS = YES;
				SWIFT_VERSION = 5.0;
				TARGETED_DEVICE_FAMILY = "1,2";
			};
			name = Release;
		};
/* End XCBuildConfiguration section */

/* Begin XCConfigurationList section */
		D281479E2AA51608002C5EB7 /* Build configuration list for PBXProject "Mvvm" */ = {
			isa = XCConfigurationList;
			buildConfigurations = (
				D28147B82AA51609002C5EB7 /* Debug */,
				D28147B92AA51609002C5EB7 /* Release */,
			);
			defaultConfigurationIsVisible = 0;
			defaultConfigurationName = Release;
		};
		D28147BA2AA51609002C5EB7 /* Build configuration list for PBXNativeTarget "Mvvm" */ = {
			isa = XCConfigurationList;
			buildConfigurations = (
				D28147BB2AA51609002C5EB7 /* Debug */,
				D28147BC2AA51609002C5EB7 /* Release */,
			);
			defaultConfigurationIsVisible = 0;
			defaultConfigurationName = Release;
		};
/* End XCConfigurationList section */

/* Begin XCRemoteSwiftPackageReference section */
		D28147D72AA5419A002C5EB7 /* XCRemoteSwiftPackageReference "Kingfisher" */ = {
			isa = XCRemoteSwiftPackageReference;
			repositoryURL = "https://github.com/onevcat/Kingfisher.git";
			requirement = {
				kind = upToNextMajorVersion;
				minimumVersion = 7.0.0;
			};
		};
/* End XCRemoteSwiftPackageReference section */

/* Begin XCSwiftPackageProductDependency section */
		D28147D82AA5419A002C5EB7 /* Kingfisher */ = {
			isa = XCSwiftPackageProductDependency;
			package = D28147D72AA5419A002C5EB7 /* XCRemoteSwiftPackageReference "Kingfisher" */;
			productName = Kingfisher;
		};
/* End XCSwiftPackageProductDependency section */

/* Begin XCVersionGroup section */
		D28147AF2AA51608002C5EB7 /* Mvvm.xcdatamodeld */ = {
			isa = XCVersionGroup;
			children = (
				D28147B02AA51608002C5EB7 /* Mvvm.xcdatamodel */,
			);
			currentVersion = D28147B02AA51608002C5EB7 /* Mvvm.xcdatamodel */;
			path = Mvvm.xcdatamodeld;
			sourceTree = "<group>";
			versionGroupType = wrapper.xcdatamodel;
		};
/* End XCVersionGroup section */
	};
	rootObject = D281479B2AA51608002C5EB7 /* Project object */;
}
